
Microsoft Visual Studio Solution File, Format Version 12.00
# Visual Studio Version 16
VisualStudioVersion = 16.0.31321.278
MinimumVisualStudioVersion = 10.0.40219.1
Project("{FAE04EC0-301F-11D3-BF4B-00C04F79EFBC}") = "MatchGame2.1", "MatchGame2.1\MatchGame2.1.csproj", "{104B396E-036F-4121-A98D-04911E267043}"
EndProject
Global
	GlobalSection(SolutionConfigurationPlatforms) = preSolution
		Debug|Any CPU = Debug|Any CPU
		Release|Any CPU = Release|Any CPU
	EndGlobalSection
	GlobalSection(ProjectConfigurationPlatforms) = postSolution
		{104B396E-036F-4121-A98D-04911E267043}.Debug|Any CPU.ActiveCfg = Debug|Any CPU
		{104B396E-036F-4121-A98D-04911E267043}.Debug|Any CPU.Build.0 = Debug|Any CPU
		{104B396E-036F-4121-A98D-04911E267043}.Release|Any CPU.ActiveCfg = Release|Any CPU
		{104B396E-036F-4121-A98D-04911E267043}.Release|Any CPU.Build.0 = Release|Any CPU
	EndGlobalSection
	GlobalSection(SolutionProperties) = preSolution
		HideSolutionNode = FALSE
	EndGlobalSection
	GlobalSection(ExtensibilityGlobals) = postSolution
		SolutionGuid = {6B4B5C28-4AA9-4C29-9E76-0A3B70EC6AAA}
	EndGlobalSection
EndGlobal
